// !$*UTF8*$!
{
	archiveVersion = 1;
	classes = {
	};
	objectVersion = 51;
	objects = {

/* Begin PBXBuildFile section */
		341E04EE237DE13500951E89 /* MainNavigator.swift in Sources */ = {isa = PBXBuildFile; fileRef = 341E04ED237DE13500951E89 /* MainNavigator.swift */; };
		341E04F1237DE20F00951E89 /* SeatsViewController.swift in Sources */ = {isa = PBXBuildFile; fileRef = 341E04F0237DE20F00951E89 /* SeatsViewController.swift */; };
		341E04F3237DED3000951E89 /* NavigationController.swift in Sources */ = {isa = PBXBuildFile; fileRef = 341E04F2237DED3000951E89 /* NavigationController.swift */; };
		341E04F5237DEFE700951E89 /* Navigation.storyboard in Resources */ = {isa = PBXBuildFile; fileRef = 341E04F4237DEFE700951E89 /* Navigation.storyboard */; };
		343B5377237DF6C5005A03F5 /* Shuffler.swift in Sources */ = {isa = PBXBuildFile; fileRef = 343B5376237DF6C5005A03F5 /* Shuffler.swift */; };
		343B5379237DF9C1005A03F5 /* SeatsCollectionViewDataSource.swift in Sources */ = {isa = PBXBuildFile; fileRef = 343B5378237DF9C1005A03F5 /* SeatsCollectionViewDataSource.swift */; };
		343B537B237DFC18005A03F5 /* SeatCollectionViewCell.swift in Sources */ = {isa = PBXBuildFile; fileRef = 343B537A237DFC18005A03F5 /* SeatCollectionViewCell.swift */; };
		343B538323840B3F005A03F5 /* LaunchScreen.storyboard in Resources */ = {isa = PBXBuildFile; fileRef = 343B538123840B3F005A03F5 /* LaunchScreen.storyboard */; };
		3480C1A52386C8A20006F58C /* SelfSizingUICollectionView.swift in Sources */ = {isa = PBXBuildFile; fileRef = 3480C1A42386C8A20006F58C /* SelfSizingUICollectionView.swift */; };
		3480C1A72386C9340006F58C /* UIViewControllerExtension.swift in Sources */ = {isa = PBXBuildFile; fileRef = 3480C1A62386C9340006F58C /* UIViewControllerExtension.swift */; };
		34890DC7238731F600F73BA0 /* AdController.swift in Sources */ = {isa = PBXBuildFile; fileRef = 34890DC6238731F600F73BA0 /* AdController.swift */; };
		349AC977237B4631004E1D1B /* AppDelegate.swift in Sources */ = {isa = PBXBuildFile; fileRef = 349AC976237B4631004E1D1B /* AppDelegate.swift */; };
		349AC979237B4631004E1D1B /* SceneDelegate.swift in Sources */ = {isa = PBXBuildFile; fileRef = 349AC978237B4631004E1D1B /* SceneDelegate.swift */; };
		349AC980237B4631004E1D1B /* Assets.xcassets in Resources */ = {isa = PBXBuildFile; fileRef = 349AC97F237B4631004E1D1B /* Assets.xcassets */; };
		349AC98E237B4631004E1D1B /* Sit_Next_ToTests.swift in Sources */ = {isa = PBXBuildFile; fileRef = 349AC98D237B4631004E1D1B /* Sit_Next_ToTests.swift */; };
		349AC999237B4631004E1D1B /* Sit_Next_ToUITests.swift in Sources */ = {isa = PBXBuildFile; fileRef = 349AC998237B4631004E1D1B /* Sit_Next_ToUITests.swift */; };
		349AC9A8237B4717004E1D1B /* MainViewController.swift in Sources */ = {isa = PBXBuildFile; fileRef = 349AC9A7237B4716004E1D1B /* MainViewController.swift */; };
		349AC9AA237B4AAD004E1D1B /* MainView.swift in Sources */ = {isa = PBXBuildFile; fileRef = 349AC9A9237B4AAD004E1D1B /* MainView.swift */; };
		349AC9AE237B504C004E1D1B /* Colors.swift in Sources */ = {isa = PBXBuildFile; fileRef = 349AC9AD237B504C004E1D1B /* Colors.swift */; };
		349AC9B1237B529F004E1D1B /* NavigationBar.swift in Sources */ = {isa = PBXBuildFile; fileRef = 349AC9B0237B529F004E1D1B /* NavigationBar.swift */; };
		349AC9B4237B6518004E1D1B /* Main.storyboard in Resources */ = {isa = PBXBuildFile; fileRef = 349AC9B2237B6518004E1D1B /* Main.storyboard */; };
		E88468E7A430B6DB87C5D274 /* Pods_Sit_Next_ToTests.framework in Frameworks */ = {isa = PBXBuildFile; fileRef = D1811318ADB2FEB173A2E188 /* Pods_Sit_Next_ToTests.framework */; };
		EDEF932BAB6F9745B24D46C4 /* Pods_Sit_Next_To.framework in Frameworks */ = {isa = PBXBuildFile; fileRef = 176D3AD194F8FD932561A332 /* Pods_Sit_Next_To.framework */; };
		F31BA321D84DEA7919509F4B /* Pods_Sit_Next_To_Sit_Next_ToUITests.framework in Frameworks */ = {isa = PBXBuildFile; fileRef = 8616B9A9DE7ED5AE1E068AA5 /* Pods_Sit_Next_To_Sit_Next_ToUITests.framework */; };
/* End PBXBuildFile section */

/* Begin PBXContainerItemProxy section */
		349AC98A237B4631004E1D1B /* PBXContainerItemProxy */ = {
			isa = PBXContainerItemProxy;
			containerPortal = 349AC96B237B4631004E1D1B /* Project object */;
			proxyType = 1;
			remoteGlobalIDString = 349AC972237B4631004E1D1B;
			remoteInfo = "Sit Next To";
		};
		349AC995237B4631004E1D1B /* PBXContainerItemProxy */ = {
			isa = PBXContainerItemProxy;
			containerPortal = 349AC96B237B4631004E1D1B /* Project object */;
			proxyType = 1;
			remoteGlobalIDString = 349AC972237B4631004E1D1B;
			remoteInfo = "Sit Next To";
		};
/* End PBXContainerItemProxy section */

/* Begin PBXFileReference section */
		1471DBAF90A5BC6B4F7D01A4 /* Pods-Sit Next To.release.xcconfig */ = {isa = PBXFileReference; includeInIndex = 1; lastKnownFileType = text.xcconfig; name = "Pods-Sit Next To.release.xcconfig"; path = "Target Support Files/Pods-Sit Next To/Pods-Sit Next To.release.xcconfig"; sourceTree = "<group>"; };
		176D3AD194F8FD932561A332 /* Pods_Sit_Next_To.framework */ = {isa = PBXFileReference; explicitFileType = wrapper.framework; includeInIndex = 0; path = Pods_Sit_Next_To.framework; sourceTree = BUILT_PRODUCTS_DIR; };
		28DA6DED7172015512EDE445 /* Pods-Sit Next To-Sit Next ToUITests.debug.xcconfig */ = {isa = PBXFileReference; includeInIndex = 1; lastKnownFileType = text.xcconfig; name = "Pods-Sit Next To-Sit Next ToUITests.debug.xcconfig"; path = "Target Support Files/Pods-Sit Next To-Sit Next ToUITests/Pods-Sit Next To-Sit Next ToUITests.debug.xcconfig"; sourceTree = "<group>"; };
		341E04ED237DE13500951E89 /* MainNavigator.swift */ = {isa = PBXFileReference; lastKnownFileType = sourcecode.swift; path = MainNavigator.swift; sourceTree = "<group>"; };
		341E04F0237DE20F00951E89 /* SeatsViewController.swift */ = {isa = PBXFileReference; lastKnownFileType = sourcecode.swift; path = SeatsViewController.swift; sourceTree = "<group>"; };
		341E04F2237DED3000951E89 /* NavigationController.swift */ = {isa = PBXFileReference; lastKnownFileType = sourcecode.swift; path = NavigationController.swift; sourceTree = "<group>"; };
		341E04F4237DEFE700951E89 /* Navigation.storyboard */ = {isa = PBXFileReference; lastKnownFileType = file.storyboard; path = Navigation.storyboard; sourceTree = "<group>"; };
		343B5376237DF6C5005A03F5 /* Shuffler.swift */ = {isa = PBXFileReference; fileEncoding = 4; lastKnownFileType = sourcecode.swift; path = Shuffler.swift; sourceTree = "<group>"; };
		343B5378237DF9C1005A03F5 /* SeatsCollectionViewDataSource.swift */ = {isa = PBXFileReference; lastKnownFileType = sourcecode.swift; path = SeatsCollectionViewDataSource.swift; sourceTree = "<group>"; };
		343B537A237DFC18005A03F5 /* SeatCollectionViewCell.swift */ = {isa = PBXFileReference; lastKnownFileType = sourcecode.swift; path = SeatCollectionViewCell.swift; sourceTree = "<group>"; };
		343B538223840B3F005A03F5 /* Base */ = {isa = PBXFileReference; lastKnownFileType = file.storyboard; name = Base; path = Base.lproj/LaunchScreen.storyboard; sourceTree = "<group>"; };
		344DF40C36ABC700C4597057 /* Pods-Sit Next ToTests.release.xcconfig */ = {isa = PBXFileReference; includeInIndex = 1; lastKnownFileType = text.xcconfig; name = "Pods-Sit Next ToTests.release.xcconfig"; path = "Target Support Files/Pods-Sit Next ToTests/Pods-Sit Next ToTests.release.xcconfig"; sourceTree = "<group>"; };
		3480C1A42386C8A20006F58C /* SelfSizingUICollectionView.swift */ = {isa = PBXFileReference; lastKnownFileType = sourcecode.swift; path = SelfSizingUICollectionView.swift; sourceTree = "<group>"; };
		3480C1A62386C9340006F58C /* UIViewControllerExtension.swift */ = {isa = PBXFileReference; lastKnownFileType = sourcecode.swift; path = UIViewControllerExtension.swift; sourceTree = "<group>"; };
		34890DC6238731F600F73BA0 /* AdController.swift */ = {isa = PBXFileReference; lastKnownFileType = sourcecode.swift; path = AdController.swift; sourceTree = "<group>"; };
		349AC973237B4631004E1D1B /* Sit Next To.app */ = {isa = PBXFileReference; explicitFileType = wrapper.application; includeInIndex = 0; path = "Sit Next To.app"; sourceTree = BUILT_PRODUCTS_DIR; };
		349AC976237B4631004E1D1B /* AppDelegate.swift */ = {isa = PBXFileReference; lastKnownFileType = sourcecode.swift; path = AppDelegate.swift; sourceTree = "<group>"; };
		349AC978237B4631004E1D1B /* SceneDelegate.swift */ = {isa = PBXFileReference; lastKnownFileType = sourcecode.swift; path = SceneDelegate.swift; sourceTree = "<group>"; };
		349AC97F237B4631004E1D1B /* Assets.xcassets */ = {isa = PBXFileReference; lastKnownFileType = folder.assetcatalog; path = Assets.xcassets; sourceTree = "<group>"; };
		349AC984237B4631004E1D1B /* Info.plist */ = {isa = PBXFileReference; lastKnownFileType = text.plist.xml; path = Info.plist; sourceTree = "<group>"; };
		349AC989237B4631004E1D1B /* Sit Next ToTests.xctest */ = {isa = PBXFileReference; explicitFileType = wrapper.cfbundle; includeInIndex = 0; path = "Sit Next ToTests.xctest"; sourceTree = BUILT_PRODUCTS_DIR; };
		349AC98D237B4631004E1D1B /* Sit_Next_ToTests.swift */ = {isa = PBXFileReference; lastKnownFileType = sourcecode.swift; path = Sit_Next_ToTests.swift; sourceTree = "<group>"; };
		349AC98F237B4631004E1D1B /* Info.plist */ = {isa = PBXFileReference; lastKnownFileType = text.plist.xml; path = Info.plist; sourceTree = "<group>"; };
		349AC994237B4631004E1D1B /* Sit Next ToUITests.xctest */ = {isa = PBXFileReference; explicitFileType = wrapper.cfbundle; includeInIndex = 0; path = "Sit Next ToUITests.xctest"; sourceTree = BUILT_PRODUCTS_DIR; };
		349AC998237B4631004E1D1B /* Sit_Next_ToUITests.swift */ = {isa = PBXFileReference; lastKnownFileType = sourcecode.swift; path = Sit_Next_ToUITests.swift; sourceTree = "<group>"; };
		349AC99A237B4631004E1D1B /* Info.plist */ = {isa = PBXFileReference; lastKnownFileType = text.plist.xml; path = Info.plist; sourceTree = "<group>"; };
		349AC9A7237B4716004E1D1B /* MainViewController.swift */ = {isa = PBXFileReference; fileEncoding = 4; lastKnownFileType = sourcecode.swift; path = MainViewController.swift; sourceTree = "<group>"; };
		349AC9A9237B4AAD004E1D1B /* MainView.swift */ = {isa = PBXFileReference; lastKnownFileType = sourcecode.swift; path = MainView.swift; sourceTree = "<group>"; };
		349AC9AD237B504C004E1D1B /* Colors.swift */ = {isa = PBXFileReference; lastKnownFileType = sourcecode.swift; path = Colors.swift; sourceTree = "<group>"; };
		349AC9B0237B529F004E1D1B /* NavigationBar.swift */ = {isa = PBXFileReference; lastKnownFileType = sourcecode.swift; path = NavigationBar.swift; sourceTree = "<group>"; };
		349AC9B3237B6518004E1D1B /* Base */ = {isa = PBXFileReference; lastKnownFileType = file.storyboard; name = Base; path = Base.lproj/Main.storyboard; sourceTree = "<group>"; };
		37E8BE9541A69B7AD18C958A /* Pods-Sit Next To-Sit Next ToUITests.release.xcconfig */ = {isa = PBXFileReference; includeInIndex = 1; lastKnownFileType = text.xcconfig; name = "Pods-Sit Next To-Sit Next ToUITests.release.xcconfig"; path = "Target Support Files/Pods-Sit Next To-Sit Next ToUITests/Pods-Sit Next To-Sit Next ToUITests.release.xcconfig"; sourceTree = "<group>"; };
		4FD2C2C0103BFEB80A8CE8F8 /* Pods-Sit Next To.debug.xcconfig */ = {isa = PBXFileReference; includeInIndex = 1; lastKnownFileType = text.xcconfig; name = "Pods-Sit Next To.debug.xcconfig"; path = "Target Support Files/Pods-Sit Next To/Pods-Sit Next To.debug.xcconfig"; sourceTree = "<group>"; };
		8616B9A9DE7ED5AE1E068AA5 /* Pods_Sit_Next_To_Sit_Next_ToUITests.framework */ = {isa = PBXFileReference; explicitFileType = wrapper.framework; includeInIndex = 0; path = Pods_Sit_Next_To_Sit_Next_ToUITests.framework; sourceTree = BUILT_PRODUCTS_DIR; };
		B76567AB6050AA6EF0F0D931 /* Pods-Sit Next ToTests.debug.xcconfig */ = {isa = PBXFileReference; includeInIndex = 1; lastKnownFileType = text.xcconfig; name = "Pods-Sit Next ToTests.debug.xcconfig"; path = "Target Support Files/Pods-Sit Next ToTests/Pods-Sit Next ToTests.debug.xcconfig"; sourceTree = "<group>"; };
		D1811318ADB2FEB173A2E188 /* Pods_Sit_Next_ToTests.framework */ = {isa = PBXFileReference; explicitFileType = wrapper.framework; includeInIndex = 0; path = Pods_Sit_Next_ToTests.framework; sourceTree = BUILT_PRODUCTS_DIR; };
/* End PBXFileReference section */

/* Begin PBXFrameworksBuildPhase section */
		349AC970237B4631004E1D1B /* Frameworks */ = {
			isa = PBXFrameworksBuildPhase;
			buildActionMask = 2147483647;
			files = (
				EDEF932BAB6F9745B24D46C4 /* Pods_Sit_Next_To.framework in Frameworks */,
			);
			runOnlyForDeploymentPostprocessing = 0;
		};
		349AC986237B4631004E1D1B /* Frameworks */ = {
			isa = PBXFrameworksBuildPhase;
			buildActionMask = 2147483647;
			files = (
				E88468E7A430B6DB87C5D274 /* Pods_Sit_Next_ToTests.framework in Frameworks */,
			);
			runOnlyForDeploymentPostprocessing = 0;
		};
		349AC991237B4631004E1D1B /* Frameworks */ = {
			isa = PBXFrameworksBuildPhase;
			buildActionMask = 2147483647;
			files = (
				F31BA321D84DEA7919509F4B /* Pods_Sit_Next_To_Sit_Next_ToUITests.framework in Frameworks */,
			);
			runOnlyForDeploymentPostprocessing = 0;
		};
/* End PBXFrameworksBuildPhase section */

/* Begin PBXGroup section */
		025C2345EB5B34558298B680 /* Pods */ = {
			isa = PBXGroup;
			children = (
				4FD2C2C0103BFEB80A8CE8F8 /* Pods-Sit Next To.debug.xcconfig */,
				1471DBAF90A5BC6B4F7D01A4 /* Pods-Sit Next To.release.xcconfig */,
				28DA6DED7172015512EDE445 /* Pods-Sit Next To-Sit Next ToUITests.debug.xcconfig */,
				37E8BE9541A69B7AD18C958A /* Pods-Sit Next To-Sit Next ToUITests.release.xcconfig */,
				B76567AB6050AA6EF0F0D931 /* Pods-Sit Next ToTests.debug.xcconfig */,
				344DF40C36ABC700C4597057 /* Pods-Sit Next ToTests.release.xcconfig */,
			);
			path = Pods;
			sourceTree = "<group>";
		};
		341E04EF237DE1EC00951E89 /* Seats */ = {
			isa = PBXGroup;
			children = (
				341E04F0237DE20F00951E89 /* SeatsViewController.swift */,
				343B5378237DF9C1005A03F5 /* SeatsCollectionViewDataSource.swift */,
				343B537A237DFC18005A03F5 /* SeatCollectionViewCell.swift */,
				34890DC6238731F600F73BA0 /* AdController.swift */,
			);
			path = Seats;
			sourceTree = "<group>";
		};
		343B537C23840AD5005A03F5 /* Supporting Files */ = {
			isa = PBXGroup;
			children = (
				349AC984237B4631004E1D1B /* Info.plist */,
				349AC97F237B4631004E1D1B /* Assets.xcassets */,
			);
			path = "Supporting Files";
			sourceTree = "<group>";
		};
		343B537D23840AE0005A03F5 /* Launch */ = {
			isa = PBXGroup;
			children = (
				343B538123840B3F005A03F5 /* LaunchScreen.storyboard */,
			);
			path = Launch;
			sourceTree = "<group>";
		};
		3480C1A32386C88B0006F58C /* Shared */ = {
			isa = PBXGroup;
			children = (
				3480C1A42386C8A20006F58C /* SelfSizingUICollectionView.swift */,
			);
			path = Shared;
			sourceTree = "<group>";
		};
		349AC96A237B4631004E1D1B = {
			isa = PBXGroup;
			children = (
				349AC975237B4631004E1D1B /* Sit Next To */,
				349AC98C237B4631004E1D1B /* Sit Next ToTests */,
				349AC997237B4631004E1D1B /* Sit Next ToUITests */,
				349AC974237B4631004E1D1B /* Products */,
				025C2345EB5B34558298B680 /* Pods */,
				4CCD41488C1B3B9C7DAC8582 /* Frameworks */,
			);
			sourceTree = "<group>";
		};
		349AC974237B4631004E1D1B /* Products */ = {
			isa = PBXGroup;
			children = (
				349AC973237B4631004E1D1B /* Sit Next To.app */,
				349AC989237B4631004E1D1B /* Sit Next ToTests.xctest */,
				349AC994237B4631004E1D1B /* Sit Next ToUITests.xctest */,
			);
			name = Products;
			sourceTree = "<group>";
		};
		349AC975237B4631004E1D1B /* Sit Next To */ = {
			isa = PBXGroup;
			children = (
				349AC976237B4631004E1D1B /* AppDelegate.swift */,
				349AC978237B4631004E1D1B /* SceneDelegate.swift */,
				343B537D23840AE0005A03F5 /* Launch */,
				349AC9AF237B5294004E1D1B /* Navigation Controller */,
				349AC9AC237B5043004E1D1B /* Utils */,
				3480C1A32386C88B0006F58C /* Shared */,
				349AC9A6237B46F7004E1D1B /* Main */,
				343B537C23840AD5005A03F5 /* Supporting Files */,
			);
			path = "Sit Next To";
			sourceTree = "<group>";
		};
		349AC98C237B4631004E1D1B /* Sit Next ToTests */ = {
			isa = PBXGroup;
			children = (
				349AC98D237B4631004E1D1B /* Sit_Next_ToTests.swift */,
				349AC98F237B4631004E1D1B /* Info.plist */,
			);
			path = "Sit Next ToTests";
			sourceTree = "<group>";
		};
		349AC997237B4631004E1D1B /* Sit Next ToUITests */ = {
			isa = PBXGroup;
			children = (
				349AC998237B4631004E1D1B /* Sit_Next_ToUITests.swift */,
				349AC99A237B4631004E1D1B /* Info.plist */,
			);
			path = "Sit Next ToUITests";
			sourceTree = "<group>";
		};
		349AC9A6237B46F7004E1D1B /* Main */ = {
			isa = PBXGroup;
			children = (
				349AC9B2237B6518004E1D1B /* Main.storyboard */,
				349AC9A7237B4716004E1D1B /* MainViewController.swift */,
				349AC9A9237B4AAD004E1D1B /* MainView.swift */,
				341E04ED237DE13500951E89 /* MainNavigator.swift */,
				341E04EF237DE1EC00951E89 /* Seats */,
			);
			path = Main;
			sourceTree = "<group>";
		};
		349AC9AC237B5043004E1D1B /* Utils */ = {
			isa = PBXGroup;
			children = (
				343B5376237DF6C5005A03F5 /* Shuffler.swift */,
				349AC9AD237B504C004E1D1B /* Colors.swift */,
				3480C1A62386C9340006F58C /* UIViewControllerExtension.swift */,
			);
			path = Utils;
			sourceTree = "<group>";
		};
		349AC9AF237B5294004E1D1B /* Navigation Controller */ = {
			isa = PBXGroup;
			children = (
				341E04F2237DED3000951E89 /* NavigationController.swift */,
				349AC9B0237B529F004E1D1B /* NavigationBar.swift */,
				341E04F4237DEFE700951E89 /* Navigation.storyboard */,
			);
			path = "Navigation Controller";
			sourceTree = "<group>";
		};
		4CCD41488C1B3B9C7DAC8582 /* Frameworks */ = {
			isa = PBXGroup;
			children = (
				176D3AD194F8FD932561A332 /* Pods_Sit_Next_To.framework */,
				8616B9A9DE7ED5AE1E068AA5 /* Pods_Sit_Next_To_Sit_Next_ToUITests.framework */,
				D1811318ADB2FEB173A2E188 /* Pods_Sit_Next_ToTests.framework */,
			);
			name = Frameworks;
			sourceTree = "<group>";
		};
/* End PBXGroup section */

/* Begin PBXNativeTarget section */
		349AC972237B4631004E1D1B /* Sit Next To */ = {
			isa = PBXNativeTarget;
			buildConfigurationList = 349AC99D237B4631004E1D1B /* Build configuration list for PBXNativeTarget "Sit Next To" */;
			buildPhases = (
				488E0C278B8FE83B4498663D /* [CP] Check Pods Manifest.lock */,
				349AC96F237B4631004E1D1B /* Sources */,
				349AC970237B4631004E1D1B /* Frameworks */,
				349AC971237B4631004E1D1B /* Resources */,
				DA2C5E17FC93166121565B29 /* [CP] Embed Pods Frameworks */,
			);
			buildRules = (
			);
			dependencies = (
			);
			name = "Sit Next To";
			productName = "Sit Next To";
			productReference = 349AC973237B4631004E1D1B /* Sit Next To.app */;
			productType = "com.apple.product-type.application";
		};
		349AC988237B4631004E1D1B /* Sit Next ToTests */ = {
			isa = PBXNativeTarget;
			buildConfigurationList = 349AC9A0237B4632004E1D1B /* Build configuration list for PBXNativeTarget "Sit Next ToTests" */;
			buildPhases = (
				38012F946CC426B02F9C2F53 /* [CP] Check Pods Manifest.lock */,
				349AC985237B4631004E1D1B /* Sources */,
				349AC986237B4631004E1D1B /* Frameworks */,
				349AC987237B4631004E1D1B /* Resources */,
			);
			buildRules = (
			);
			dependencies = (
				349AC98B237B4631004E1D1B /* PBXTargetDependency */,
			);
			name = "Sit Next ToTests";
			productName = "Sit Next ToTests";
			productReference = 349AC989237B4631004E1D1B /* Sit Next ToTests.xctest */;
			productType = "com.apple.product-type.bundle.unit-test";
		};
		349AC993237B4631004E1D1B /* Sit Next ToUITests */ = {
			isa = PBXNativeTarget;
			buildConfigurationList = 349AC9A3237B4632004E1D1B /* Build configuration list for PBXNativeTarget "Sit Next ToUITests" */;
			buildPhases = (
				AACCC61D17FDD9E27138F163 /* [CP] Check Pods Manifest.lock */,
				349AC990237B4631004E1D1B /* Sources */,
				349AC991237B4631004E1D1B /* Frameworks */,
				349AC992237B4631004E1D1B /* Resources */,
				38FB239600C4546CBE22318D /* [CP] Embed Pods Frameworks */,
			);
			buildRules = (
			);
			dependencies = (
				349AC996237B4631004E1D1B /* PBXTargetDependency */,
			);
			name = "Sit Next ToUITests";
			productName = "Sit Next ToUITests";
			productReference = 349AC994237B4631004E1D1B /* Sit Next ToUITests.xctest */;
			productType = "com.apple.product-type.bundle.ui-testing";
		};
/* End PBXNativeTarget section */

/* Begin PBXProject section */
		349AC96B237B4631004E1D1B /* Project object */ = {
			isa = PBXProject;
			attributes = {
				LastSwiftUpdateCheck = 1110;
				LastUpgradeCheck = 1110;
				ORGANIZATIONNAME = "Blerina Berisha";
				TargetAttributes = {
					349AC972237B4631004E1D1B = {
						CreatedOnToolsVersion = 11.1;
					};
					349AC988237B4631004E1D1B = {
						CreatedOnToolsVersion = 11.1;
						TestTargetID = 349AC972237B4631004E1D1B;
					};
					349AC993237B4631004E1D1B = {
						CreatedOnToolsVersion = 11.1;
						TestTargetID = 349AC972237B4631004E1D1B;
					};
				};
			};
			buildConfigurationList = 349AC96E237B4631004E1D1B /* Build configuration list for PBXProject "Sit Next To" */;
			compatibilityVersion = "Xcode 9.3";
			developmentRegion = en;
			hasScannedForEncodings = 0;
			knownRegions = (
				en,
				Base,
			);
			mainGroup = 349AC96A237B4631004E1D1B;
			productRefGroup = 349AC974237B4631004E1D1B /* Products */;
			projectDirPath = "";
			projectRoot = "";
			targets = (
				349AC972237B4631004E1D1B /* Sit Next To */,
				349AC988237B4631004E1D1B /* Sit Next ToTests */,
				349AC993237B4631004E1D1B /* Sit Next ToUITests */,
			);
		};
/* End PBXProject section */

/* Begin PBXResourcesBuildPhase section */
		349AC971237B4631004E1D1B /* Resources */ = {
			isa = PBXResourcesBuildPhase;
			buildActionMask = 2147483647;
			files = (
				341E04F5237DEFE700951E89 /* Navigation.storyboard in Resources */,
				343B538323840B3F005A03F5 /* LaunchScreen.storyboard in Resources */,
				349AC9B4237B6518004E1D1B /* Main.storyboard in Resources */,
				349AC980237B4631004E1D1B /* Assets.xcassets in Resources */,
			);
			runOnlyForDeploymentPostprocessing = 0;
		};
		349AC987237B4631004E1D1B /* Resources */ = {
			isa = PBXResourcesBuildPhase;
			buildActionMask = 2147483647;
			files = (
			);
			runOnlyForDeploymentPostprocessing = 0;
		};
		349AC992237B4631004E1D1B /* Resources */ = {
			isa = PBXResourcesBuildPhase;
			buildActionMask = 2147483647;
			files = (
			);
			runOnlyForDeploymentPostprocessing = 0;
		};
/* End PBXResourcesBuildPhase section */

/* Begin PBXShellScriptBuildPhase section */
		38012F946CC426B02F9C2F53 /* [CP] Check Pods Manifest.lock */ = {
			isa = PBXShellScriptBuildPhase;
			buildActionMask = 2147483647;
			files = (
			);
			inputFileListPaths = (
			);
			inputPaths = (
				"${PODS_PODFILE_DIR_PATH}/Podfile.lock",
				"${PODS_ROOT}/Manifest.lock",
			);
			name = "[CP] Check Pods Manifest.lock";
			outputFileListPaths = (
			);
			outputPaths = (
				"$(DERIVED_FILE_DIR)/Pods-Sit Next ToTests-checkManifestLockResult.txt",
			);
			runOnlyForDeploymentPostprocessing = 0;
			shellPath = /bin/sh;
			shellScript = "diff \"${PODS_PODFILE_DIR_PATH}/Podfile.lock\" \"${PODS_ROOT}/Manifest.lock\" > /dev/null\nif [ $? != 0 ] ; then\n    # print error to STDERR\n    echo \"error: The sandbox is not in sync with the Podfile.lock. Run 'pod install' or update your CocoaPods installation.\" >&2\n    exit 1\nfi\n# This output is used by Xcode 'outputs' to avoid re-running this script phase.\necho \"SUCCESS\" > \"${SCRIPT_OUTPUT_FILE_0}\"\n";
			showEnvVarsInLog = 0;
		};
		38FB239600C4546CBE22318D /* [CP] Embed Pods Frameworks */ = {
			isa = PBXShellScriptBuildPhase;
			buildActionMask = 2147483647;
			files = (
			);
			inputFileListPaths = (
				"${PODS_ROOT}/Target Support Files/Pods-Sit Next To-Sit Next ToUITests/Pods-Sit Next To-Sit Next ToUITests-frameworks-${CONFIGURATION}-input-files.xcfilelist",
			);
			name = "[CP] Embed Pods Frameworks";
			outputFileListPaths = (
				"${PODS_ROOT}/Target Support Files/Pods-Sit Next To-Sit Next ToUITests/Pods-Sit Next To-Sit Next ToUITests-frameworks-${CONFIGURATION}-output-files.xcfilelist",
			);
			runOnlyForDeploymentPostprocessing = 0;
			shellPath = /bin/sh;
			shellScript = "\"${PODS_ROOT}/Target Support Files/Pods-Sit Next To-Sit Next ToUITests/Pods-Sit Next To-Sit Next ToUITests-frameworks.sh\"\n";
			showEnvVarsInLog = 0;
		};
		488E0C278B8FE83B4498663D /* [CP] Check Pods Manifest.lock */ = {
			isa = PBXShellScriptBuildPhase;
			buildActionMask = 2147483647;
			files = (
			);
			inputFileListPaths = (
			);
			inputPaths = (
				"${PODS_PODFILE_DIR_PATH}/Podfile.lock",
				"${PODS_ROOT}/Manifest.lock",
			);
			name = "[CP] Check Pods Manifest.lock";
			outputFileListPaths = (
			);
			outputPaths = (
				"$(DERIVED_FILE_DIR)/Pods-Sit Next To-checkManifestLockResult.txt",
			);
			runOnlyForDeploymentPostprocessing = 0;
			shellPath = /bin/sh;
			shellScript = "diff \"${PODS_PODFILE_DIR_PATH}/Podfile.lock\" \"${PODS_ROOT}/Manifest.lock\" > /dev/null\nif [ $? != 0 ] ; then\n    # print error to STDERR\n    echo \"error: The sandbox is not in sync with the Podfile.lock. Run 'pod install' or update your CocoaPods installation.\" >&2\n    exit 1\nfi\n# This output is used by Xcode 'outputs' to avoid re-running this script phase.\necho \"SUCCESS\" > \"${SCRIPT_OUTPUT_FILE_0}\"\n";
			showEnvVarsInLog = 0;
		};
		AACCC61D17FDD9E27138F163 /* [CP] Check Pods Manifest.lock */ = {
			isa = PBXShellScriptBuildPhase;
			buildActionMask = 2147483647;
			files = (
			);
			inputFileListPaths = (
			);
			inputPaths = (
				"${PODS_PODFILE_DIR_PATH}/Podfile.lock",
				"${PODS_ROOT}/Manifest.lock",
			);
			name = "[CP] Check Pods Manifest.lock";
			outputFileListPaths = (
			);
			outputPaths = (
				"$(DERIVED_FILE_DIR)/Pods-Sit Next To-Sit Next ToUITests-checkManifestLockResult.txt",
			);
			runOnlyForDeploymentPostprocessing = 0;
			shellPath = /bin/sh;
			shellScript = "diff \"${PODS_PODFILE_DIR_PATH}/Podfile.lock\" \"${PODS_ROOT}/Manifest.lock\" > /dev/null\nif [ $? != 0 ] ; then\n    # print error to STDERR\n    echo \"error: The sandbox is not in sync with the Podfile.lock. Run 'pod install' or update your CocoaPods installation.\" >&2\n    exit 1\nfi\n# This output is used by Xcode 'outputs' to avoid re-running this script phase.\necho \"SUCCESS\" > \"${SCRIPT_OUTPUT_FILE_0}\"\n";
			showEnvVarsInLog = 0;
		};
		DA2C5E17FC93166121565B29 /* [CP] Embed Pods Frameworks */ = {
			isa = PBXShellScriptBuildPhase;
			buildActionMask = 2147483647;
			files = (
			);
			inputFileListPaths = (
				"${PODS_ROOT}/Target Support Files/Pods-Sit Next To/Pods-Sit Next To-frameworks-${CONFIGURATION}-input-files.xcfilelist",
			);
			name = "[CP] Embed Pods Frameworks";
			outputFileListPaths = (
				"${PODS_ROOT}/Target Support Files/Pods-Sit Next To/Pods-Sit Next To-frameworks-${CONFIGURATION}-output-files.xcfilelist",
			);
			runOnlyForDeploymentPostprocessing = 0;
			shellPath = /bin/sh;
			shellScript = "\"${PODS_ROOT}/Target Support Files/Pods-Sit Next To/Pods-Sit Next To-frameworks.sh\"\n";
			showEnvVarsInLog = 0;
		};
/* End PBXShellScriptBuildPhase section */

/* Begin PBXSourcesBuildPhase section */
		349AC96F237B4631004E1D1B /* Sources */ = {
			isa = PBXSourcesBuildPhase;
			buildActionMask = 2147483647;
			files = (
				341E04EE237DE13500951E89 /* MainNavigator.swift in Sources */,
				349AC9A8237B4717004E1D1B /* MainViewController.swift in Sources */,
				349AC9AE237B504C004E1D1B /* Colors.swift in Sources */,
				341E04F1237DE20F00951E89 /* SeatsViewController.swift in Sources */,
				34890DC7238731F600F73BA0 /* AdController.swift in Sources */,
				341E04F3237DED3000951E89 /* NavigationController.swift in Sources */,
				349AC9AA237B4AAD004E1D1B /* MainView.swift in Sources */,
				3480C1A52386C8A20006F58C /* SelfSizingUICollectionView.swift in Sources */,
				343B5377237DF6C5005A03F5 /* Shuffler.swift in Sources */,
				343B5379237DF9C1005A03F5 /* SeatsCollectionViewDataSource.swift in Sources */,
				349AC977237B4631004E1D1B /* AppDelegate.swift in Sources */,
				349AC979237B4631004E1D1B /* SceneDelegate.swift in Sources */,
				349AC9B1237B529F004E1D1B /* NavigationBar.swift in Sources */,
				3480C1A72386C9340006F58C /* UIViewControllerExtension.swift in Sources */,
				343B537B237DFC18005A03F5 /* SeatCollectionViewCell.swift in Sources */,
			);
			runOnlyForDeploymentPostprocessing = 0;
		};
		349AC985237B4631004E1D1B /* Sources */ = {
			isa = PBXSourcesBuildPhase;
			buildActionMask = 2147483647;
			files = (
				349AC98E237B4631004E1D1B /* Sit_Next_ToTests.swift in Sources */,
			);
			runOnlyForDeploymentPostprocessing = 0;
		};
		349AC990237B4631004E1D1B /* Sources */ = {
			isa = PBXSourcesBuildPhase;
			buildActionMask = 2147483647;
			files = (
				349AC999237B4631004E1D1B /* Sit_Next_ToUITests.swift in Sources */,
			);
			runOnlyForDeploymentPostprocessing = 0;
		};
/* End PBXSourcesBuildPhase section */

/* Begin PBXTargetDependency section */
		349AC98B237B4631004E1D1B /* PBXTargetDependency */ = {
			isa = PBXTargetDependency;
			target = 349AC972237B4631004E1D1B /* Sit Next To */;
			targetProxy = 349AC98A237B4631004E1D1B /* PBXContainerItemProxy */;
		};
		349AC996237B4631004E1D1B /* PBXTargetDependency */ = {
			isa = PBXTargetDependency;
			target = 349AC972237B4631004E1D1B /* Sit Next To */;
			targetProxy = 349AC995237B4631004E1D1B /* PBXContainerItemProxy */;
		};
/* End PBXTargetDependency section */

/* Begin PBXVariantGroup section */
		343B538123840B3F005A03F5 /* LaunchScreen.storyboard */ = {
			isa = PBXVariantGroup;
			children = (
				343B538223840B3F005A03F5 /* Base */,
			);
			name = LaunchScreen.storyboard;
			sourceTree = "<group>";
		};
		349AC9B2237B6518004E1D1B /* Main.storyboard */ = {
			isa = PBXVariantGroup;
			children = (
				349AC9B3237B6518004E1D1B /* Base */,
			);
			name = Main.storyboard;
			sourceTree = "<group>";
		};
/* End PBXVariantGroup section */

/* Begin XCBuildConfiguration section */
		349AC99B237B4631004E1D1B /* Debug */ = {
			isa = XCBuildConfiguration;
			buildSettings = {
				ALWAYS_SEARCH_USER_PATHS = NO;
				CLANG_ANALYZER_NONNULL = YES;
				CLANG_ANALYZER_NUMBER_OBJECT_CONVERSION = YES_AGGRESSIVE;
				CLANG_CXX_LANGUAGE_STANDARD = "gnu++14";
				CLANG_CXX_LIBRARY = "libc++";
				CLANG_ENABLE_MODULES = YES;
				CLANG_ENABLE_OBJC_ARC = YES;
				CLANG_ENABLE_OBJC_WEAK = YES;
				CLANG_WARN_BLOCK_CAPTURE_AUTORELEASING = YES;
				CLANG_WARN_BOOL_CONVERSION = YES;
				CLANG_WARN_COMMA = YES;
				CLANG_WARN_CONSTANT_CONVERSION = YES;
				CLANG_WARN_DEPRECATED_OBJC_IMPLEMENTATIONS = YES;
				CLANG_WARN_DIRECT_OBJC_ISA_USAGE = YES_ERROR;
				CLANG_WARN_DOCUMENTATION_COMMENTS = YES;
				CLANG_WARN_EMPTY_BODY = YES;
				CLANG_WARN_ENUM_CONVERSION = YES;
				CLANG_WARN_INFINITE_RECURSION = YES;
				CLANG_WARN_INT_CONVERSION = YES;
				CLANG_WARN_NON_LITERAL_NULL_CONVERSION = YES;
				CLANG_WARN_OBJC_IMPLICIT_RETAIN_SELF = YES;
				CLANG_WARN_OBJC_LITERAL_CONVERSION = YES;
				CLANG_WARN_OBJC_ROOT_CLASS = YES_ERROR;
				CLANG_WARN_RANGE_LOOP_ANALYSIS = YES;
				CLANG_WARN_STRICT_PROTOTYPES = YES;
				CLANG_WARN_SUSPICIOUS_MOVE = YES;
				CLANG_WARN_UNGUARDED_AVAILABILITY = YES_AGGRESSIVE;
				CLANG_WARN_UNREACHABLE_CODE = YES;
				CLANG_WARN__DUPLICATE_METHOD_MATCH = YES;
				COPY_PHASE_STRIP = NO;
				DEBUG_INFORMATION_FORMAT = dwarf;
				ENABLE_STRICT_OBJC_MSGSEND = YES;
				ENABLE_TESTABILITY = YES;
				GCC_C_LANGUAGE_STANDARD = gnu11;
				GCC_DYNAMIC_NO_PIC = NO;
				GCC_NO_COMMON_BLOCKS = YES;
				GCC_OPTIMIZATION_LEVEL = 0;
				GCC_PREPROCESSOR_DEFINITIONS = (
					"DEBUG=1",
					"$(inherited)",
				);
				GCC_WARN_64_TO_32_BIT_CONVERSION = YES;
				GCC_WARN_ABOUT_RETURN_TYPE = YES_ERROR;
				GCC_WARN_UNDECLARED_SELECTOR = YES;
				GCC_WARN_UNINITIALIZED_AUTOS = YES_AGGRESSIVE;
				GCC_WARN_UNUSED_FUNCTION = YES;
				GCC_WARN_UNUSED_VARIABLE = YES;
				IPHONEOS_DEPLOYMENT_TARGET = 13.1;
				MTL_ENABLE_DEBUG_INFO = INCLUDE_SOURCE;
				MTL_FAST_MATH = YES;
				ONLY_ACTIVE_ARCH = YES;
				SDKROOT = iphoneos;
				SWIFT_ACTIVE_COMPILATION_CONDITIONS = DEBUG;
				SWIFT_OPTIMIZATION_LEVEL = "-Onone";
			};
			name = Debug;
		};
		349AC99C237B4631004E1D1B /* Release */ = {
			isa = XCBuildConfiguration;
			buildSettings = {
				ALWAYS_SEARCH_USER_PATHS = NO;
				CLANG_ANALYZER_NONNULL = YES;
				CLANG_ANALYZER_NUMBER_OBJECT_CONVERSION = YES_AGGRESSIVE;
				CLANG_CXX_LANGUAGE_STANDARD = "gnu++14";
				CLANG_CXX_LIBRARY = "libc++";
				CLANG_ENABLE_MODULES = YES;
				CLANG_ENABLE_OBJC_ARC = YES;
				CLANG_ENABLE_OBJC_WEAK = YES;
				CLANG_WARN_BLOCK_CAPTURE_AUTORELEASING = YES;
				CLANG_WARN_BOOL_CONVERSION = YES;
				CLANG_WARN_COMMA = YES;
				CLANG_WARN_CONSTANT_CONVERSION = YES;
				CLANG_WARN_DEPRECATED_OBJC_IMPLEMENTATIONS = YES;
				CLANG_WARN_DIRECT_OBJC_ISA_USAGE = YES_ERROR;
				CLANG_WARN_DOCUMENTATION_COMMENTS = YES;
				CLANG_WARN_EMPTY_BODY = YES;
				CLANG_WARN_ENUM_CONVERSION = YES;
				CLANG_WARN_INFINITE_RECURSION = YES;
				CLANG_WARN_INT_CONVERSION = YES;
				CLANG_WARN_NON_LITERAL_NULL_CONVERSION = YES;
				CLANG_WARN_OBJC_IMPLICIT_RETAIN_SELF = YES;
				CLANG_WARN_OBJC_LITERAL_CONVERSION = YES;
				CLANG_WARN_OBJC_ROOT_CLASS = YES_ERROR;
				CLANG_WARN_RANGE_LOOP_ANALYSIS = YES;
				CLANG_WARN_STRICT_PROTOTYPES = YES;
				CLANG_WARN_SUSPICIOUS_MOVE = YES;
				CLANG_WARN_UNGUARDED_AVAILABILITY = YES_AGGRESSIVE;
				CLANG_WARN_UNREACHABLE_CODE = YES;
				CLANG_WARN__DUPLICATE_METHOD_MATCH = YES;
				COPY_PHASE_STRIP = NO;
				DEBUG_INFORMATION_FORMAT = "dwarf-with-dsym";
				ENABLE_NS_ASSERTIONS = NO;
				ENABLE_STRICT_OBJC_MSGSEND = YES;
				GCC_C_LANGUAGE_STANDARD = gnu11;
				GCC_NO_COMMON_BLOCKS = YES;
				GCC_WARN_64_TO_32_BIT_CONVERSION = YES;
				GCC_WARN_ABOUT_RETURN_TYPE = YES_ERROR;
				GCC_WARN_UNDECLARED_SELECTOR = YES;
				GCC_WARN_UNINITIALIZED_AUTOS = YES_AGGRESSIVE;
				GCC_WARN_UNUSED_FUNCTION = YES;
				GCC_WARN_UNUSED_VARIABLE = YES;
				IPHONEOS_DEPLOYMENT_TARGET = 13.1;
				MTL_ENABLE_DEBUG_INFO = NO;
				MTL_FAST_MATH = YES;
				SDKROOT = iphoneos;
				SWIFT_COMPILATION_MODE = wholemodule;
				SWIFT_OPTIMIZATION_LEVEL = "-O";
				VALIDATE_PRODUCT = YES;
			};
			name = Release;
		};
		349AC99E237B4631004E1D1B /* Debug */ = {
			isa = XCBuildConfiguration;
			baseConfigurationReference = 4FD2C2C0103BFEB80A8CE8F8 /* Pods-Sit Next To.debug.xcconfig */;
			buildSettings = {
				ASSETCATALOG_COMPILER_APPICON_NAME = AppIcon;
				CODE_SIGN_IDENTITY = "iPhone Developer";
				CODE_SIGN_STYLE = Manual;
				DEVELOPMENT_TEAM = QDVY6GSBCP;
				INFOPLIST_FILE = "Sit Next To/Supporting Files/Info.plist";
				IPHONEOS_DEPLOYMENT_TARGET = 13.0;
				LD_RUNPATH_SEARCH_PATHS = (
					"$(inherited)",
					"@executable_path/Frameworks",
				);
				PRODUCT_BUNDLE_IDENTIFIER = com.app.sitnextto;
				PRODUCT_NAME = "$(TARGET_NAME)";
				PROVISIONING_PROFILE_SPECIFIER = Development;
				SWIFT_VERSION = 5.0;
				TARGETED_DEVICE_FAMILY = "1,2";
			};
			name = Debug;
		};
		349AC99F237B4631004E1D1B /* Release */ = {
			isa = XCBuildConfiguration;
			baseConfigurationReference = 1471DBAF90A5BC6B4F7D01A4 /* Pods-Sit Next To.release.xcconfig */;
			buildSettings = {
				ASSETCATALOG_COMPILER_APPICON_NAME = AppIcon;
				CODE_SIGN_IDENTITY = "iPhone Distribution";
				CODE_SIGN_STYLE = Manual;
				DEVELOPMENT_TEAM = QDVY6GSBCP;
				INFOPLIST_FILE = "Sit Next To/Supporting Files/Info.plist";
				IPHONEOS_DEPLOYMENT_TARGET = 13.0;
				LD_RUNPATH_SEARCH_PATHS = (
					"$(inherited)",
					"@executable_path/Frameworks",
				);
				PRODUCT_BUNDLE_IDENTIFIER = com.app.sitnextto;
				PRODUCT_NAME = "$(TARGET_NAME)";
				PROVISIONING_PROFILE_SPECIFIER = Distribution;
				SWIFT_VERSION = 5.0;
				TARGETED_DEVICE_FAMILY = "1,2";
			};
			name = Release;
		};
		349AC9A1237B4632004E1D1B /* Debug */ = {
			isa = XCBuildConfiguration;
			baseConfigurationReference = B76567AB6050AA6EF0F0D931 /* Pods-Sit Next ToTests.debug.xcconfig */;
			buildSettings = {
				ALWAYS_EMBED_SWIFT_STANDARD_LIBRARIES = YES;
				BUNDLE_LOADER = "$(TEST_HOST)";
				CODE_SIGN_STYLE = Automatic;
				INFOPLIST_FILE = "Sit Next ToTests/Info.plist";
				IPHONEOS_DEPLOYMENT_TARGET = 13.1;
				LD_RUNPATH_SEARCH_PATHS = (
					"$(inherited)",
					"@executable_path/Frameworks",
					"@loader_path/Frameworks",
				);
				PRODUCT_BUNDLE_IDENTIFIER = "com.app.Sit-Next-ToTests";
				PRODUCT_NAME = "$(TARGET_NAME)";
				SWIFT_VERSION = 5.0;
				TARGETED_DEVICE_FAMILY = "1,2";
				TEST_HOST = "$(BUILT_PRODUCTS_DIR)/Sit Next To.app/Sit Next To";
			};
			name = Debug;
		};
		349AC9A2237B4632004E1D1B /* Release */ = {
			isa = XCBuildConfiguration;
			baseConfigurationReference = 344DF40C36ABC700C4597057 /* Pods-Sit Next ToTests.release.xcconfig */;
			buildSettings = {
				ALWAYS_EMBED_SWIFT_STANDARD_LIBRARIES = YES;
				BUNDLE_LOADER = "$(TEST_HOST)";
				CODE_SIGN_STYLE = Automatic;
				INFOPLIST_FILE = "Sit Next ToTests/Info.plist";
				IPHONEOS_DEPLOYMENT_TARGET = 13.1;
				LD_RUNPATH_SEARCH_PATHS = (
					"$(inherited)",
					"@executable_path/Frameworks",
					"@loader_path/Frameworks",
				);
				PRODUCT_BUNDLE_IDENTIFIER = "com.app.Sit-Next-ToTests";
				PRODUCT_NAME = "$(TARGET_NAME)";
				SWIFT_VERSION = 5.0;
				TARGETED_DEVICE_FAMILY = "1,2";
				TEST_HOST = "$(BUILT_PRODUCTS_DIR)/Sit Next To.app/Sit Next To";
			};
			name = Release;
		};
		349AC9A4237B4632004E1D1B /* Debug */ = {
			isa = XCBuildConfiguration;
			baseConfigurationReference = 28DA6DED7172015512EDE445 /* Pods-Sit Next To-Sit Next ToUITests.debug.xcconfig */;
			buildSettings = {
				ALWAYS_EMBED_SWIFT_STANDARD_LIBRARIES = YES;
				CODE_SIGN_STYLE = Automatic;
				INFOPLIST_FILE = "Sit Next ToUITests/Info.plist";
				LD_RUNPATH_SEARCH_PATHS = (
					"$(inherited)",
					"@executable_path/Frameworks",
					"@loader_path/Frameworks",
				);
				PRODUCT_BUNDLE_IDENTIFIER = "com.app.Sit-Next-ToUITests";
				PRODUCT_NAME = "$(TARGET_NAME)";
				SWIFT_VERSION = 5.0;
				TARGETED_DEVICE_FAMILY = "1,2";
				TEST_TARGET_NAME = "Sit Next To";
			};
			name = Debug;
		};
		349AC9A5237B4632004E1D1B /* Release */ = {
			isa = XCBuildConfiguration;
			baseConfigurationReference = 37E8BE9541A69B7AD18C958A /* Pods-Sit Next To-Sit Next ToUITests.release.xcconfig */;
			buildSettings = {
				ALWAYS_EMBED_SWIFT_STANDARD_LIBRARIES = YES;
				CODE_SIGN_STYLE = Automatic;
				INFOPLIST_FILE = "Sit Next ToUITests/Info.plist";
				LD_RUNPATH_SEARCH_PATHS = (
					"$(inherited)",
					"@executable_path/Frameworks",
					"@loader_path/Frameworks",
				);
				PRODUCT_BUNDLE_IDENTIFIER = "com.app.Sit-Next-ToUITests";
				PRODUCT_NAME = "$(TARGET_NAME)";
				SWIFT_VERSION = 5.0;
				TARGETED_DEVICE_FAMILY = "1,2";
				TEST_TARGET_NAME = "Sit Next To";
			};
			name = Release;
		};
/* End XCBuildConfiguration section */

/* Begin XCConfigurationList section */
		349AC96E237B4631004E1D1B /* Build configuration list for PBXProject "Sit Next To" */ = {
			isa = XCConfigurationList;
			buildConfigurations = (
				349AC99B237B4631004E1D1B /* Debug */,
				349AC99C237B4631004E1D1B /* Release */,
			);
			defaultConfigurationIsVisible = 0;
			defaultConfigurationName = Release;
		};
		349AC99D237B4631004E1D1B /* Build configuration list for PBXNativeTarget "Sit Next To" */ = {
			isa = XCConfigurationList;
			buildConfigurations = (
				349AC99E237B4631004E1D1B /* Debug */,
				349AC99F237B4631004E1D1B /* Release */,
			);
			defaultConfigurationIsVisible = 0;
			defaultConfigurationName = Release;
		};
		349AC9A0237B4632004E1D1B /* Build configuration list for PBXNativeTarget "Sit Next ToTests" */ = {
			isa = XCConfigurationList;
			buildConfigurations = (
				349AC9A1237B4632004E1D1B /* Debug */,
				349AC9A2237B4632004E1D1B /* Release */,
			);
			defaultConfigurationIsVisible = 0;
			defaultConfigurationName = Release;
		};
		349AC9A3237B4632004E1D1B /* Build configuration list for PBXNativeTarget "Sit Next ToUITests" */ = {
			isa = XCConfigurationList;
			buildConfigurations = (
				349AC9A4237B4632004E1D1B /* Debug */,
				349AC9A5237B4632004E1D1B /* Release */,
			);
			defaultConfigurationIsVisible = 0;
			defaultConfigurationName = Release;
		};
/* End XCConfigurationList section */
	};
	rootObject = 349AC96B237B4631004E1D1B /* Project object */;
}
